
Microsoft Visual Studio Solution File, Format Version 12.00
# Visual Studio Version 17
VisualStudioVersion = 17.0.31825.309
MinimumVisualStudioVersion = 10.0.40219.1
Project("{FAE04EC0-301F-11D3-BF4B-00C04F79EFBC}") = "WPF_Keyboard", "WPF_Keyboard\WPF_Keyboard.csproj", "{64085362-3BA3-4FCB-8001-F7DFC0D44984}"
EndProject
Project("{FAE04EC0-301F-11D3-BF4B-00C04F79EFBC}") = "Touch_Keyboard_AEP", "Touch_Keyboard_AEP\Touch_Keyboard_AEP.csproj", "{F121B687-E9C8-4B50-9B17-F67D071553E2}"
EndProject
Global
	GlobalSection(SolutionConfigurationPlatforms) = preSolution
		Debug|Any CPU = Debug|Any CPU
		Release|Any CPU = Release|Any CPU
	EndGlobalSection
	GlobalSection(ProjectConfigurationPlatforms) = postSolution
		{64085362-3BA3-4FCB-8001-F7DFC0D44984}.Debug|Any CPU.ActiveCfg = Debug|Any CPU
		{64085362-3BA3-4FCB-8001-F7DFC0D44984}.Debug|Any CPU.Build.0 = Debug|Any CPU
		{64085362-3BA3-4FCB-8001-F7DFC0D44984}.Release|Any CPU.ActiveCfg = Release|Any CPU
		{64085362-3BA3-4FCB-8001-F7DFC0D44984}.Release|Any CPU.Build.0 = Release|Any CPU
		{F121B687-E9C8-4B50-9B17-F67D071553E2}.Debug|Any CPU.ActiveCfg = Debug|Any CPU
		{F121B687-E9C8-4B50-9B17-F67D071553E2}.Debug|Any CPU.Build.0 = Debug|Any CPU
		{F121B687-E9C8-4B50-9B17-F67D071553E2}.Release|Any CPU.ActiveCfg = Release|Any CPU
		{F121B687-E9C8-4B50-9B17-F67D071553E2}.Release|Any CPU.Build.0 = Release|Any CPU
	EndGlobalSection
	GlobalSection(SolutionProperties) = preSolution
		HideSolutionNode = FALSE
	EndGlobalSection
	GlobalSection(ExtensibilityGlobals) = postSolution
		SolutionGuid = {EAF6AE41-A5AC-40CB-8354-CEEFC2BE23DE}
	EndGlobalSection
EndGlobal
